PODS:
  - Alamofire (4.7.3)
  - Taskig (0.2.3)
  - Yggdrasil (0.1.0):
    - Alamofire (~> 4.7)
    - Taskig (~> 0.2)

DEPENDENCIES:
  - Alamofire (~> 4.7)
  - Taskig (~> 0.2)
  - Yggdrasil (from `../`)

SPEC REPOS:
  https://github.com/cocoapods/specs.git:
    - Alamofire
    - Taskig

EXTERNAL SOURCES:
  Yggdrasil:
    :path: "../"

SPEC CHECKSUMS:
  Alamofire: c7287b6e5d7da964a70935e5db17046b7fde6568
  Taskig: a45acb1fd858977343d1149534b79ced24ffce42
  Yggdrasil: ccdbb4f65d399dd8fb60c6e7548b769df62be8bb

PODFILE CHECKSUM: cd275283ab21a89d1964283e6638f574a33d8e1f

COCOAPODS: 1.6.0.beta.1
